
Microsoft Visual Studio Solution File, Format Version 12.00
# Visual Studio Version 16
VisualStudioVersion = 16.0.29230.47
MinimumVisualStudioVersion = 10.0.40219.1
Project("{FAE04EC0-301F-11D3-BF4B-00C04F79EFBC}") = "CatFishScripts", "CatFishScripts.csproj", "{B1D71800-A561-410E-82AF-6913D0672681}"
EndProject
Global
	GlobalSection(SolutionConfigurationPlatforms) = preSolution
		Debug|Any CPU = Debug|Any CPU
		Release|Any CPU = Release|Any CPU
	EndGlobalSection
	GlobalSection(ProjectConfigurationPlatforms) = postSolution
		{B1D71800-A561-410E-82AF-6913D0672681}.Debug|Any CPU.ActiveCfg = Debug|Any CPU
		{B1D71800-A561-410E-82AF-6913D0672681}.Debug|Any CPU.Build.0 = Debug|Any CPU
		{B1D71800-A561-410E-82AF-6913D0672681}.Release|Any CPU.ActiveCfg = Release|Any CPU
		{B1D71800-A561-410E-82AF-6913D0672681}.Release|Any CPU.Build.0 = Release|Any CPU
	EndGlobalSection
	GlobalSection(SolutionProperties) = preSolution
		HideSolutionNode = FALSE
	EndGlobalSection
	GlobalSection(ExtensibilityGlobals) = postSolution
		SolutionGuid = {3F3ED94D-6E65-4B69-B39F-4F2ADB78F0AC}
	EndGlobalSection
EndGlobal
